// !$*UTF8*$!
{
	archiveVersion = 1;
	classes = {
	};
	objectVersion = 70;
	objects = {

/* Begin PBXBuildFile section */
		1A1A1A1A1A1A1A1A1A1A1A1A /* LudoApp.swift in Sources */ = {isa = PBXBuildFile; fileRef = 1A1A1A1A1A1A1A1A1A1A1A1B /* LudoApp.swift */; };
		1A1A1A1A1A1A1A1A1A1A1A1C /* LudoGameView.swift in Sources */ = {isa = PBXBuildFile; fileRef = 1A1A1A1A1A1A1A1A1A1A1A1D /* LudoGameView.swift */; };
		1A1A1A1A1A1A1A1A1A1A1A1E /* LudoGame.swift in Sources */ = {isa = PBXBuildFile; fileRef = 1A1A1A1A1A1A1A1A1A1A1A1F /* LudoGame.swift */; };
		DA471F602DF144CC00955EC1 /* PlayerSelectionView.swift in Sources */ = {isa = PBXBuildFile; fileRef = DA471F5F2DF144CC00955EC1 /* PlayerSelectionView.swift */; };
		DA471F622DF407C300955EC1 /* PawnState.swift in Sources */ = {isa = PBXBuildFile; fileRef = DA471F612DF407C300955EC1 /* PawnState.swift */; };
		DA79440C2DFA861D00EE49FC /* DiceView.swift in Sources */ = {isa = PBXBuildFile; fileRef = DA79440B2DFA861D00EE49FC /* DiceView.swift */; };
		DA79440E2DFA871F00EE49FC /* SettingsTableView.swift in Sources */ = {isa = PBXBuildFile; fileRef = DA79440D2DFA871F00EE49FC /* SettingsTableView.swift */; };
		DA7944102DFA879D00EE49FC /* AdminControlsView.swift in Sources */ = {isa = PBXBuildFile; fileRef = DA79440F2DFA879D00EE49FC /* AdminControlsView.swift */; };
		DA7944122DFA8AB700EE49FC /* PawnView.swift in Sources */ = {isa = PBXBuildFile; fileRef = DA7944112DFA8AB700EE49FC /* PawnView.swift */; };
		DA7944142DFA8C7B00EE49FC /* LudoBoardView.swift in Sources */ = {isa = PBXBuildFile; fileRef = DA7944132DFA8C7B00EE49FC /* LudoBoardView.swift */; };
		DA7944162DFA8E3100EE49FC /* StartGameView.swift in Sources */ = {isa = PBXBuildFile; fileRef = DA7944152DFA8E3100EE49FC /* StartGameView.swift */; };
		DA7944182DFA8E8000EE49FC /* GameBoardView.swift in Sources */ = {isa = PBXBuildFile; fileRef = DA7944172DFA8E8000EE49FC /* GameBoardView.swift */; };
		DA79441A2DFF7A9700EE49FC /* hop2.wav in Resources */ = {isa = PBXBuildFile; fileRef = DA7944192DFF7A9700EE49FC /* hop2.wav */; };
		DA79441C2DFF7CBD00EE49FC /* boing.mp3 in Resources */ = {isa = PBXBuildFile; fileRef = DA79441B2DFF7CBD00EE49FC /* boing.mp3 */; };
		DA79441E2DFF817E00EE49FC /* AIPlayer.swift in Sources */ = {isa = PBXBuildFile; fileRef = DA79441D2DFF817E00EE49FC /* AIPlayer.swift */; };
		DA7944242DFFB24000EE49FC /* GameLogger.swift in Sources */ = {isa = PBXBuildFile; fileRef = DA7944232DFFB24000EE49FC /* GameLogger.swift */; };
		DAFC6FD12DEA05DC00073666 /* capture.wav in Resources */ = {isa = PBXBuildFile; fileRef = DAFC6FCB2DEA05DC00073666 /* capture.wav */; };
		DAFC6FD22DEA05DC00073666 /* victory.wav in Resources */ = {isa = PBXBuildFile; fileRef = DAFC6FD02DEA05DC00073666 /* victory.wav */; };
		DAFC6FD32DEA05DC00073666 /* hop.wav in Resources */ = {isa = PBXBuildFile; fileRef = DAFC6FCD2DEA05DC00073666 /* hop.wav */; };
		DAFC6FD42DEA05DC00073666 /* swish.wav in Resources */ = {isa = PBXBuildFile; fileRef = DAFC6FCF2DEA05DC00073666 /* swish.wav */; };
		DAFC6FD52DEA05DC00073666 /* dice.wav in Resources */ = {isa = PBXBuildFile; fileRef = DAFC6FCC2DEA05DC00073666 /* dice.wav */; };
		DAFC6FD62DEA05DC00073666 /* SoundManager.swift in Sources */ = {isa = PBXBuildFile; fileRef = DAFC6FCE2DEA05DC00073666 /* SoundManager.swift */; };
		DAFC6FDB2DEA11FA00073666 /* GameOverView.swift in Sources */ = {isa = PBXBuildFile; fileRef = DAFC6FD92DEA11FA00073666 /* GameOverView.swift */; };
		DAFC6FDC2DEA11FA00073666 /* ScoringPanelView.swift in Sources */ = {isa = PBXBuildFile; fileRef = DAFC6FDA2DEA11FA00073666 /* ScoringPanelView.swift */; };
/* End PBXBuildFile section */

/* Begin PBXContainerItemProxy section */
		DAFC6F7A2DDA980A00073666 /* PBXContainerItemProxy */ = {
			isa = PBXContainerItemProxy;
			containerPortal = 1A1A1A1A1A1A1A1A1A1A1A29 /* Project object */;
			proxyType = 1;
			remoteGlobalIDString = 1A1A1A1A1A1A1A1A1A1A1A25;
			remoteInfo = Ludo;
		};
/* End PBXContainerItemProxy section */

/* Begin PBXFileReference section */
		1A1A1A1A1A1A1A1A1A1A1A1B /* LudoApp.swift */ = {isa = PBXFileReference; lastKnownFileType = sourcecode.swift; path = LudoApp.swift; sourceTree = "<group>"; };
		1A1A1A1A1A1A1A1A1A1A1A1D /* LudoGameView.swift */ = {isa = PBXFileReference; lastKnownFileType = sourcecode.swift; path = LudoGameView.swift; sourceTree = "<group>"; };
		1A1A1A1A1A1A1A1A1A1A1A1F /* LudoGame.swift */ = {isa = PBXFileReference; lastKnownFileType = sourcecode.swift; path = LudoGame.swift; sourceTree = "<group>"; };
		1A1A1A1A1A1A1A1A1A1A1A20 /* Ludo.app */ = {isa = PBXFileReference; explicitFileType = wrapper.application; includeInIndex = 0; path = Ludo.app; sourceTree = BUILT_PRODUCTS_DIR; };
		DA471F5F2DF144CC00955EC1 /* PlayerSelectionView.swift */ = {isa = PBXFileReference; lastKnownFileType = sourcecode.swift; path = PlayerSelectionView.swift; sourceTree = "<group>"; };
		DA471F612DF407C300955EC1 /* PawnState.swift */ = {isa = PBXFileReference; lastKnownFileType = sourcecode.swift; path = PawnState.swift; sourceTree = "<group>"; };
		DA79440B2DFA861D00EE49FC /* DiceView.swift */ = {isa = PBXFileReference; lastKnownFileType = sourcecode.swift; path = DiceView.swift; sourceTree = "<group>"; };
		DA79440D2DFA871F00EE49FC /* SettingsTableView.swift */ = {isa = PBXFileReference; lastKnownFileType = sourcecode.swift; path = SettingsTableView.swift; sourceTree = "<group>"; };
		DA79440F2DFA879D00EE49FC /* AdminControlsView.swift */ = {isa = PBXFileReference; lastKnownFileType = sourcecode.swift; path = AdminControlsView.swift; sourceTree = "<group>"; };
		DA7944112DFA8AB700EE49FC /* PawnView.swift */ = {isa = PBXFileReference; lastKnownFileType = sourcecode.swift; path = PawnView.swift; sourceTree = "<group>"; };
		DA7944132DFA8C7B00EE49FC /* LudoBoardView.swift */ = {isa = PBXFileReference; lastKnownFileType = sourcecode.swift; path = LudoBoardView.swift; sourceTree = "<group>"; };
		DA7944152DFA8E3100EE49FC /* StartGameView.swift */ = {isa = PBXFileReference; lastKnownFileType = sourcecode.swift; path = StartGameView.swift; sourceTree = "<group>"; };
		DA7944172DFA8E8000EE49FC /* GameBoardView.swift */ = {isa = PBXFileReference; lastKnownFileType = sourcecode.swift; path = GameBoardView.swift; sourceTree = "<group>"; };
		DA7944192DFF7A9700EE49FC /* hop2.wav */ = {isa = PBXFileReference; lastKnownFileType = audio.wav; path = hop2.wav; sourceTree = "<group>"; };
		DA79441B2DFF7CBD00EE49FC /* boing.mp3 */ = {isa = PBXFileReference; lastKnownFileType = audio.mp3; path = boing.mp3; sourceTree = "<group>"; };
		DA79441D2DFF817E00EE49FC /* AIPlayer.swift */ = {isa = PBXFileReference; lastKnownFileType = sourcecode.swift; path = AIPlayer.swift; sourceTree = "<group>"; };
		DA7944232DFFB24000EE49FC /* GameLogger.swift */ = {isa = PBXFileReference; lastKnownFileType = sourcecode.swift; path = GameLogger.swift; sourceTree = "<group>"; };
		DAFC6F762DDA980A00073666 /* LudoTests.xctest */ = {isa = PBXFileReference; explicitFileType = wrapper.cfbundle; includeInIndex = 0; path = LudoTests.xctest; sourceTree = BUILT_PRODUCTS_DIR; };
		DAFC6FCB2DEA05DC00073666 /* capture.wav */ = {isa = PBXFileReference; lastKnownFileType = audio.wav; path = capture.wav; sourceTree = "<group>"; };
		DAFC6FCC2DEA05DC00073666 /* dice.wav */ = {isa = PBXFileReference; lastKnownFileType = audio.wav; path = dice.wav; sourceTree = "<group>"; };
		DAFC6FCD2DEA05DC00073666 /* hop.wav */ = {isa = PBXFileReference; lastKnownFileType = audio.wav; path = hop.wav; sourceTree = "<group>"; };
		DAFC6FCE2DEA05DC00073666 /* SoundManager.swift */ = {isa = PBXFileReference; lastKnownFileType = sourcecode.swift; path = SoundManager.swift; sourceTree = "<group>"; };
		DAFC6FCF2DEA05DC00073666 /* swish.wav */ = {isa = PBXFileReference; lastKnownFileType = audio.wav; path = swish.wav; sourceTree = "<group>"; };
		DAFC6FD02DEA05DC00073666 /* victory.wav */ = {isa = PBXFileReference; lastKnownFileType = audio.wav; path = victory.wav; sourceTree = "<group>"; };
		DAFC6FD92DEA11FA00073666 /* GameOverView.swift */ = {isa = PBXFileReference; lastKnownFileType = sourcecode.swift; path = GameOverView.swift; sourceTree = "<group>"; };
		DAFC6FDA2DEA11FA00073666 /* ScoringPanelView.swift */ = {isa = PBXFileReference; lastKnownFileType = sourcecode.swift; path = ScoringPanelView.swift; sourceTree = "<group>"; };
/* End PBXFileReference section */

/* Begin PBXFileSystemSynchronizedRootGroup section */
		DAFC6F772DDA980A00073666 /* LudoTests */ = {isa = PBXFileSystemSynchronizedRootGroup; explicitFileTypes = {}; explicitFolders = (); path = LudoTests; sourceTree = "<group>"; };
/* End PBXFileSystemSynchronizedRootGroup section */

/* Begin PBXFrameworksBuildPhase section */
		1A1A1A1A1A1A1A1A1A1A1A21 /* Frameworks */ = {
			isa = PBXFrameworksBuildPhase;
			buildActionMask = 2147483647;
			files = (
			);
			runOnlyForDeploymentPostprocessing = 0;
		};
		DAFC6F732DDA980A00073666 /* Frameworks */ = {
			isa = PBXFrameworksBuildPhase;
			buildActionMask = 2147483647;
			files = (
			);
			runOnlyForDeploymentPostprocessing = 0;
		};
/* End PBXFrameworksBuildPhase section */

/* Begin PBXGroup section */
		1A1A1A1A1A1A1A1A1A1A1A22 = {
			isa = PBXGroup;
			children = (
				1A1A1A1A1A1A1A1A1A1A1A23 /* Ludo */,
				DAFC6F772DDA980A00073666 /* LudoTests */,
				1A1A1A1A1A1A1A1A1A1A1A24 /* Products */,
			);
			sourceTree = "<group>";
		};
		1A1A1A1A1A1A1A1A1A1A1A23 /* Ludo */ = {
			isa = PBXGroup;
			children = (
				DA7944232DFFB24000EE49FC /* GameLogger.swift */,
				DA79441D2DFF817E00EE49FC /* AIPlayer.swift */,
				DA79441B2DFF7CBD00EE49FC /* boing.mp3 */,
				DA7944192DFF7A9700EE49FC /* hop2.wav */,
				DA7944172DFA8E8000EE49FC /* GameBoardView.swift */,
				DA7944152DFA8E3100EE49FC /* StartGameView.swift */,
				DA7944132DFA8C7B00EE49FC /* LudoBoardView.swift */,
				DA7944112DFA8AB700EE49FC /* PawnView.swift */,
				DA79440F2DFA879D00EE49FC /* AdminControlsView.swift */,
				DA79440D2DFA871F00EE49FC /* SettingsTableView.swift */,
				DA79440B2DFA861D00EE49FC /* DiceView.swift */,
				DA471F612DF407C300955EC1 /* PawnState.swift */,
				DA471F5F2DF144CC00955EC1 /* PlayerSelectionView.swift */,
				DAFC6FD92DEA11FA00073666 /* GameOverView.swift */,
				DAFC6FDA2DEA11FA00073666 /* ScoringPanelView.swift */,
				DAFC6FCB2DEA05DC00073666 /* capture.wav */,
				DAFC6FCC2DEA05DC00073666 /* dice.wav */,
				DAFC6FCD2DEA05DC00073666 /* hop.wav */,
				DAFC6FCE2DEA05DC00073666 /* SoundManager.swift */,
				DAFC6FCF2DEA05DC00073666 /* swish.wav */,
				DAFC6FD02DEA05DC00073666 /* victory.wav */,
				1A1A1A1A1A1A1A1A1A1A1A1B /* LudoApp.swift */,
				1A1A1A1A1A1A1A1A1A1A1A1D /* LudoGameView.swift */,
				1A1A1A1A1A1A1A1A1A1A1A1F /* LudoGame.swift */,
			);
			path = Ludo;
			sourceTree = "<group>";
		};
		1A1A1A1A1A1A1A1A1A1A1A24 /* Products */ = {
			isa = PBXGroup;
			children = (
				1A1A1A1A1A1A1A1A1A1A1A20 /* Ludo.app */,
				DAFC6F762DDA980A00073666 /* LudoTests.xctest */,
			);
			name = Products;
			sourceTree = "<group>";
		};
/* End PBXGroup section */

/* Begin PBXNativeTarget section */
		1A1A1A1A1A1A1A1A1A1A1A25 /* Ludo */ = {
			isa = PBXNativeTarget;
			buildConfigurationList = 1A1A1A1A1A1A1A1A1A1A1A26 /* Build configuration list for PBXNativeTarget "Ludo" */;
			buildPhases = (
				1A1A1A1A1A1A1A1A1A1A1A21 /* Frameworks */,
				1A1A1A1A1A1A1A1A1A1A1A27 /* Sources */,
				1A1A1A1A1A1A1A1A1A1A1A28 /* Resources */,
			);
			buildRules = (
			);
			dependencies = (
			);
			name = Ludo;
			productName = Ludo;
			productReference = 1A1A1A1A1A1A1A1A1A1A1A20 /* Ludo.app */;
			productType = "com.apple.product-type.application";
		};
		DAFC6F752DDA980A00073666 /* LudoTests */ = {
			isa = PBXNativeTarget;
			buildConfigurationList = DAFC6F7E2DDA980A00073666 /* Build configuration list for PBXNativeTarget "LudoTests" */;
			buildPhases = (
				DAFC6F722DDA980A00073666 /* Sources */,
				DAFC6F732DDA980A00073666 /* Frameworks */,
				DAFC6F742DDA980A00073666 /* Resources */,
			);
			buildRules = (
			);
			dependencies = (
				DAFC6F7B2DDA980A00073666 /* PBXTargetDependency */,
			);
			fileSystemSynchronizedGroups = (
				DAFC6F772DDA980A00073666 /* LudoTests */,
			);
			name = LudoTests;
			packageProductDependencies = (
			);
			productName = LudoTests;
			productReference = DAFC6F762DDA980A00073666 /* LudoTests.xctest */;
			productType = "com.apple.product-type.bundle.unit-test";
		};
/* End PBXNativeTarget section */

/* Begin PBXProject section */
		1A1A1A1A1A1A1A1A1A1A1A29 /* Project object */ = {
			isa = PBXProject;
			attributes = {
				BuildIndependentTargetsInParallel = 1;
				LastSwiftUpdateCheck = 1630;
				LastUpgradeCheck = 1500;
				TargetAttributes = {
					1A1A1A1A1A1A1A1A1A1A1A25 = {
						CreatedOnToolsVersion = 15.0;
					};
					DAFC6F752DDA980A00073666 = {
						CreatedOnToolsVersion = 16.3;
						TestTargetID = 1A1A1A1A1A1A1A1A1A1A1A25;
					};
				};
			};
			buildConfigurationList = 1A1A1A1A1A1A1A1A1A1A1A2A /* Build configuration list for PBXProject "Ludo" */;
			compatibilityVersion = "Xcode 14.0";
			developmentRegion = en;
			hasScannedForEncodings = 0;
			knownRegions = (
				en,
				Base,
			);
			mainGroup = 1A1A1A1A1A1A1A1A1A1A1A22;
			productRefGroup = 1A1A1A1A1A1A1A1A1A1A1A24 /* Products */;
			projectDirPath = "";
			projectRoot = "";
			targets = (
				1A1A1A1A1A1A1A1A1A1A1A25 /* Ludo */,
				DAFC6F752DDA980A00073666 /* LudoTests */,
			);
		};
/* End PBXProject section */

/* Begin PBXResourcesBuildPhase section */
		1A1A1A1A1A1A1A1A1A1A1A28 /* Resources */ = {
			isa = PBXResourcesBuildPhase;
			buildActionMask = 2147483647;
			files = (
				DAFC6FD12DEA05DC00073666 /* capture.wav in Resources */,
				DAFC6FD22DEA05DC00073666 /* victory.wav in Resources */,
				DAFC6FD32DEA05DC00073666 /* hop.wav in Resources */,
				DA79441C2DFF7CBD00EE49FC /* boing.mp3 in Resources */,
				DA79441A2DFF7A9700EE49FC /* hop2.wav in Resources */,
				DAFC6FD42DEA05DC00073666 /* swish.wav in Resources */,
				DAFC6FD52DEA05DC00073666 /* dice.wav in Resources */,
			);
			runOnlyForDeploymentPostprocessing = 0;
		};
		DAFC6F742DDA980A00073666 /* Resources */ = {
			isa = PBXResourcesBuildPhase;
			buildActionMask = 2147483647;
			files = (
			);
			runOnlyForDeploymentPostprocessing = 0;
		};
/* End PBXResourcesBuildPhase section */

/* Begin PBXSourcesBuildPhase section */
		1A1A1A1A1A1A1A1A1A1A1A27 /* Sources */ = {
			isa = PBXSourcesBuildPhase;
			buildActionMask = 2147483647;
			files = (
				DA79441E2DFF817E00EE49FC /* AIPlayer.swift in Sources */,
				1A1A1A1A1A1A1A1A1A1A1A1C /* LudoGameView.swift in Sources */,
				DA79440C2DFA861D00EE49FC /* DiceView.swift in Sources */,
				DA7944122DFA8AB700EE49FC /* PawnView.swift in Sources */,
				DA7944162DFA8E3100EE49FC /* StartGameView.swift in Sources */,
				DA471F622DF407C300955EC1 /* PawnState.swift in Sources */,
				DAFC6FD62DEA05DC00073666 /* SoundManager.swift in Sources */,
				1A1A1A1A1A1A1A1A1A1A1A1E /* LudoGame.swift in Sources */,
				DA7944242DFFB24000EE49FC /* GameLogger.swift in Sources */,
				DA471F602DF144CC00955EC1 /* PlayerSelectionView.swift in Sources */,
				1A1A1A1A1A1A1A1A1A1A1A1A /* LudoApp.swift in Sources */,
				DAFC6FDB2DEA11FA00073666 /* GameOverView.swift in Sources */,
				DA7944102DFA879D00EE49FC /* AdminControlsView.swift in Sources */,
				DA7944182DFA8E8000EE49FC /* GameBoardView.swift in Sources */,
				DA7944142DFA8C7B00EE49FC /* LudoBoardView.swift in Sources */,
				DA79440E2DFA871F00EE49FC /* SettingsTableView.swift in Sources */,
				DAFC6FDC2DEA11FA00073666 /* ScoringPanelView.swift in Sources */,
			);
			runOnlyForDeploymentPostprocessing = 0;
		};
		DAFC6F722DDA980A00073666 /* Sources */ = {
			isa = PBXSourcesBuildPhase;
			buildActionMask = 2147483647;
			files = (
			);
			runOnlyForDeploymentPostprocessing = 0;
		};
/* End PBXSourcesBuildPhase section */

/* Begin PBXTargetDependency section */
		DAFC6F7B2DDA980A00073666 /* PBXTargetDependency */ = {
			isa = PBXTargetDependency;
			target = 1A1A1A1A1A1A1A1A1A1A1A25 /* Ludo */;
			targetProxy = DAFC6F7A2DDA980A00073666 /* PBXContainerItemProxy */;
		};
/* End PBXTargetDependency section */

/* Begin XCBuildConfiguration section */
		1A1A1A1A1A1A1A1A1A1A1A2B /* Debug */ = {
			isa = XCBuildConfiguration;
			buildSettings = {
				ALWAYS_SEARCH_USER_PATHS = NO;
				ASSETCATALOG_COMPILER_GENERATE_SWIFT_ASSET_SYMBOL_EXTENSIONS = YES;
				CLANG_ANALYZER_NONNULL = YES;
				CLANG_ANALYZER_NUMBER_OBJECT_CONVERSION = YES_AGGRESSIVE;
				CLANG_CXX_LANGUAGE_STANDARD = "gnu++20";
				CLANG_ENABLE_MODULES = YES;
				CLANG_ENABLE_OBJC_ARC = YES;
				CLANG_ENABLE_OBJC_WEAK = YES;
				CLANG_WARN_BLOCK_CAPTURE_AUTORELEASING = YES;
				CLANG_WARN_BOOL_CONVERSION = YES;
				CLANG_WARN_COMMA = YES;
				CLANG_WARN_CONSTANT_CONVERSION = YES;
				CLANG_WARN_DEPRECATED_OBJC_IMPLEMENTATIONS = YES;
				CLANG_WARN_DIRECT_OBJC_ISA_USAGE = YES_ERROR;
				CLANG_WARN_DOCUMENTATION_COMMENTS = YES;
				CLANG_WARN_EMPTY_BODY = YES;
				CLANG_WARN_ENUM_CONVERSION = YES;
				CLANG_WARN_INFINITE_RECURSION = YES;
				CLANG_WARN_INT_CONVERSION = YES;
				CLANG_WARN_NON_LITERAL_NULL_CONVERSION = YES;
				CLANG_WARN_OBJC_IMPLICIT_RETAIN_SELF = YES;
				CLANG_WARN_OBJC_LITERAL_CONVERSION = YES;
				CLANG_WARN_OBJC_ROOT_CLASS = YES_ERROR;
				CLANG_WARN_QUOTED_INCLUDE_IN_FRAMEWORK_HEADER = YES;
				CLANG_WARN_RANGE_LOOP_ANALYSIS = YES;
				CLANG_WARN_STRICT_PROTOTYPES = YES;
				CLANG_WARN_SUSPICIOUS_MOVE = YES;
				CLANG_WARN_UNGUARDED_AVAILABILITY = YES_AGGRESSIVE;
				CLANG_WARN_UNREACHABLE_CODE = YES;
				CLANG_WARN__DUPLICATE_METHOD_MATCH = YES;
				COPY_PHASE_STRIP = NO;
				DEBUG_INFORMATION_FORMAT = dwarf;
				ENABLE_STRICT_OBJC_MSGSEND = YES;
				ENABLE_TESTABILITY = YES;
				ENABLE_USER_SCRIPT_SANDBOXING = YES;
				GCC_C_LANGUAGE_STANDARD = gnu17;
				GCC_DYNAMIC_NO_PIC = NO;
				GCC_NO_COMMON_BLOCKS = YES;
				GCC_OPTIMIZATION_LEVEL = 0;
				GCC_PREPROCESSOR_DEFINITIONS = (
					"DEBUG=1",
					"$(inherited)",
				);
				GCC_WARN_64_TO_32_BIT_CONVERSION = YES;
				GCC_WARN_ABOUT_RETURN_TYPE = YES_ERROR;
				GCC_WARN_UNDECLARED_SELECTOR = YES;
				GCC_WARN_UNINITIALIZED_AUTOS = YES_AGGRESSIVE;
				GCC_WARN_UNUSED_FUNCTION = YES;
				GCC_WARN_UNUSED_VARIABLE = YES;
				IPHONEOS_DEPLOYMENT_TARGET = 17.0;
				LOCALIZATION_PREFERS_STRING_CATALOGS = YES;
				MTL_ENABLE_DEBUG_INFO = INCLUDE_SOURCE;
				MTL_FAST_MATH = YES;
				ONLY_ACTIVE_ARCH = YES;
				SDKROOT = iphoneos;
				SWIFT_ACTIVE_COMPILATION_CONDITIONS = "DEBUG $(inherited)";
				SWIFT_OPTIMIZATION_LEVEL = "-Onone";
			};
			name = Debug;
		};
		1A1A1A1A1A1A1A1A1A1A1A2C /* Release */ = {
			isa = XCBuildConfiguration;
			buildSettings = {
				ALWAYS_SEARCH_USER_PATHS = NO;
				ASSETCATALOG_COMPILER_GENERATE_SWIFT_ASSET_SYMBOL_EXTENSIONS = YES;
				CLANG_ANALYZER_NONNULL = YES;
				CLANG_ANALYZER_NUMBER_OBJECT_CONVERSION = YES_AGGRESSIVE;
				CLANG_CXX_LANGUAGE_STANDARD = "gnu++20";
				CLANG_ENABLE_MODULES = YES;
				CLANG_ENABLE_OBJC_ARC = YES;
				CLANG_ENABLE_OBJC_WEAK = YES;
				CLANG_WARN_BLOCK_CAPTURE_AUTORELEASING = YES;
				CLANG_WARN_BOOL_CONVERSION = YES;
				CLANG_WARN_COMMA = YES;
				CLANG_WARN_CONSTANT_CONVERSION = YES;
				CLANG_WARN_DEPRECATED_OBJC_IMPLEMENTATIONS = YES;
				CLANG_WARN_DIRECT_OBJC_ISA_USAGE = YES_ERROR;
				CLANG_WARN_DOCUMENTATION_COMMENTS = YES;
				CLANG_WARN_EMPTY_BODY = YES;
				CLANG_WARN_ENUM_CONVERSION = YES;
				CLANG_WARN_INFINITE_RECURSION = YES;
				CLANG_WARN_INT_CONVERSION = YES;
				CLANG_WARN_NON_LITERAL_NULL_CONVERSION = YES;
				CLANG_WARN_OBJC_IMPLICIT_RETAIN_SELF = YES;
				CLANG_WARN_OBJC_LITERAL_CONVERSION = YES;
				CLANG_WARN_OBJC_ROOT_CLASS = YES_ERROR;
				CLANG_WARN_QUOTED_INCLUDE_IN_FRAMEWORK_HEADER = YES;
				CLANG_WARN_RANGE_LOOP_ANALYSIS = YES;
				CLANG_WARN_STRICT_PROTOTYPES = YES;
				CLANG_WARN_SUSPICIOUS_MOVE = YES;
				CLANG_WARN_UNGUARDED_AVAILABILITY = YES_AGGRESSIVE;
				CLANG_WARN_UNREACHABLE_CODE = YES;
				CLANG_WARN__DUPLICATE_METHOD_MATCH = YES;
				COPY_PHASE_STRIP = NO;
				DEBUG_INFORMATION_FORMAT = "dwarf-with-dsym";
				ENABLE_NS_ASSERTIONS = NO;
				ENABLE_STRICT_OBJC_MSGSEND = YES;
				ENABLE_USER_SCRIPT_SANDBOXING = YES;
				GCC_C_LANGUAGE_STANDARD = gnu17;
				GCC_NO_COMMON_BLOCKS = YES;
				GCC_WARN_64_TO_32_BIT_CONVERSION = YES;
				GCC_WARN_ABOUT_RETURN_TYPE = YES_ERROR;
				GCC_WARN_UNDECLARED_SELECTOR = YES;
				GCC_WARN_UNINITIALIZED_AUTOS = YES_AGGRESSIVE;
				GCC_WARN_UNUSED_FUNCTION = YES;
				GCC_WARN_UNUSED_VARIABLE = YES;
				IPHONEOS_DEPLOYMENT_TARGET = 17.0;
				LOCALIZATION_PREFERS_STRING_CATALOGS = YES;
				MTL_ENABLE_DEBUG_INFO = NO;
				MTL_FAST_MATH = YES;
				SDKROOT = iphoneos;
				SWIFT_COMPILATION_MODE = wholemodule;
				VALIDATE_PRODUCT = YES;
			};
			name = Release;
		};
		1A1A1A1A1A1A1A1A1A1A1A2D /* Debug */ = {
			isa = XCBuildConfiguration;
			buildSettings = {
				ASSETCATALOG_COMPILER_APPICON_NAME = AppIcon;
				ASSETCATALOG_COMPILER_GLOBAL_ACCENT_COLOR_NAME = AccentColor;
				CODE_SIGN_STYLE = Automatic;
				CURRENT_PROJECT_VERSION = 1;
				DEVELOPMENT_ASSET_PATHS = "";
				DEVELOPMENT_TEAM = UQX3T8XQKJ;
				ENABLE_PREVIEWS = YES;
				GENERATE_INFOPLIST_FILE = YES;
				INFOPLIST_KEY_UIApplicationSceneManifest_Generation = YES;
				INFOPLIST_KEY_UIApplicationSupportsIndirectInputEvents = YES;
				INFOPLIST_KEY_UILaunchScreen_Generation = YES;
				INFOPLIST_KEY_UISupportedInterfaceOrientations_iPad = "UIInterfaceOrientationPortrait UIInterfaceOrientationPortraitUpsideDown";
				INFOPLIST_KEY_UISupportedInterfaceOrientations_iPhone = UIInterfaceOrientationPortrait;
				IPHONEOS_DEPLOYMENT_TARGET = 15;
				LD_RUNPATH_SEARCH_PATHS = (
					"$(inherited)",
					"@executable_path/Frameworks",
				);
				MARKETING_VERSION = 1.0;
				PRODUCT_BUNDLE_IDENTIFIER = com.mirchistudios.Ludo;
				PRODUCT_NAME = "$(TARGET_NAME)";
				SWIFT_EMIT_LOC_STRINGS = YES;
				SWIFT_VERSION = 5.0;
				TARGETED_DEVICE_FAMILY = "1,2";
			};
			name = Debug;
		};
		1A1A1A1A1A1A1A1A1A1A1A2E /* Release */ = {
			isa = XCBuildConfiguration;
			buildSettings = {
				ASSETCATALOG_COMPILER_APPICON_NAME = AppIcon;
				ASSETCATALOG_COMPILER_GLOBAL_ACCENT_COLOR_NAME = AccentColor;
				CODE_SIGN_STYLE = Automatic;
				CURRENT_PROJECT_VERSION = 1;
				DEVELOPMENT_ASSET_PATHS = "";
				DEVELOPMENT_TEAM = UQX3T8XQKJ;
				ENABLE_PREVIEWS = YES;
				GENERATE_INFOPLIST_FILE = YES;
				INFOPLIST_KEY_UIApplicationSceneManifest_Generation = YES;
				INFOPLIST_KEY_UIApplicationSupportsIndirectInputEvents = YES;
				INFOPLIST_KEY_UILaunchScreen_Generation = YES;
				INFOPLIST_KEY_UISupportedInterfaceOrientations_iPad = "UIInterfaceOrientationPortrait UIInterfaceOrientationPortraitUpsideDown";
				INFOPLIST_KEY_UISupportedInterfaceOrientations_iPhone = UIInterfaceOrientationPortrait;
				IPHONEOS_DEPLOYMENT_TARGET = 15;
				LD_RUNPATH_SEARCH_PATHS = (
					"$(inherited)",
					"@executable_path/Frameworks",
				);
				MARKETING_VERSION = 1.0;
				PRODUCT_BUNDLE_IDENTIFIER = com.mirchistudios.Ludo;
				PRODUCT_NAME = "$(TARGET_NAME)";
				SWIFT_EMIT_LOC_STRINGS = YES;
				SWIFT_VERSION = 5.0;
				TARGETED_DEVICE_FAMILY = "1,2";
			};
			name = Release;
		};
		DAFC6F7C2DDA980A00073666 /* Debug */ = {
			isa = XCBuildConfiguration;
			buildSettings = {
				BUNDLE_LOADER = "$(TEST_HOST)";
				CODE_SIGN_STYLE = Automatic;
				CURRENT_PROJECT_VERSION = 1;
				GENERATE_INFOPLIST_FILE = YES;
				IPHONEOS_DEPLOYMENT_TARGET = 18.4;
				MARKETING_VERSION = 1.0;
				PRODUCT_BUNDLE_IDENTIFIER = com.mirchiStudios.LudoTests.LudoTests;
				PRODUCT_NAME = "$(TARGET_NAME)";
				SWIFT_EMIT_LOC_STRINGS = NO;
				SWIFT_VERSION = 5.0;
				TARGETED_DEVICE_FAMILY = "1,2";
				TEST_HOST = "$(BUILT_PRODUCTS_DIR)/Ludo.app/$(BUNDLE_EXECUTABLE_FOLDER_PATH)/Ludo";
			};
			name = Debug;
		};
		DAFC6F7D2DDA980A00073666 /* Release */ = {
			isa = XCBuildConfiguration;
			buildSettings = {
				BUNDLE_LOADER = "$(TEST_HOST)";
				CODE_SIGN_STYLE = Automatic;
				CURRENT_PROJECT_VERSION = 1;
				GENERATE_INFOPLIST_FILE = YES;
				IPHONEOS_DEPLOYMENT_TARGET = 18.4;
				MARKETING_VERSION = 1.0;
				PRODUCT_BUNDLE_IDENTIFIER = com.mirchiStudios.LudoTests.LudoTests;
				PRODUCT_NAME = "$(TARGET_NAME)";
				SWIFT_EMIT_LOC_STRINGS = NO;
				SWIFT_VERSION = 5.0;
				TARGETED_DEVICE_FAMILY = "1,2";
				TEST_HOST = "$(BUILT_PRODUCTS_DIR)/Ludo.app/$(BUNDLE_EXECUTABLE_FOLDER_PATH)/Ludo";
			};
			name = Release;
		};
/* End XCBuildConfiguration section */

/* Begin XCConfigurationList section */
		1A1A1A1A1A1A1A1A1A1A1A26 /* Build configuration list for PBXNativeTarget "Ludo" */ = {
			isa = XCConfigurationList;
			buildConfigurations = (
				1A1A1A1A1A1A1A1A1A1A1A2D /* Debug */,
				1A1A1A1A1A1A1A1A1A1A1A2E /* Release */,
			);
			defaultConfigurationIsVisible = 0;
			defaultConfigurationName = Release;
		};
		1A1A1A1A1A1A1A1A1A1A1A2A /* Build configuration list for PBXProject "Ludo" */ = {
			isa = XCConfigurationList;
			buildConfigurations = (
				1A1A1A1A1A1A1A1A1A1A1A2B /* Debug */,
				1A1A1A1A1A1A1A1A1A1A1A2C /* Release */,
			);
			defaultConfigurationIsVisible = 0;
			defaultConfigurationName = Release;
		};
		DAFC6F7E2DDA980A00073666 /* Build configuration list for PBXNativeTarget "LudoTests" */ = {
			isa = XCConfigurationList;
			buildConfigurations = (
				DAFC6F7C2DDA980A00073666 /* Debug */,
				DAFC6F7D2DDA980A00073666 /* Release */,
			);
			defaultConfigurationIsVisible = 0;
			defaultConfigurationName = Release;
		};
/* End XCConfigurationList section */
	};
	rootObject = 1A1A1A1A1A1A1A1A1A1A1A29 /* Project object */;
}
